<?xml version="1.0" encoding="utf-8"?>
<Project ToolsVersion="4.0" xmlns="http://schemas.microsoft.com/developer/msbuild/2003">
  <ItemGroup>
    <Filter Include="Source Files">
      <UniqueIdentifier>{4FC737F1-C7A5-4376-A066-2A32D752A2FF}</UniqueIdentifier>
      <Extensions>cpp;c;cc;cxx;def;odl;idl;hpj;bat;asm;asmx</Extensions>
    </Filter>
    <Filter Include="libatr">
      <UniqueIdentifier>{0d9efd3e-2e12-4662-8878-45f0cea5399d}</UniqueIdentifier>
    </Filter>
  </ItemGroup>
  <ItemGroup>
    <ClCompile Include="main.cpp">
      <Filter>Source Files</Filter>
    </ClCompile>
    <ClCompile Include="..\libatr\disk.cpp">
      <Filter>libatr</Filter>
    </ClCompile>
    <ClCompile Include="..\libatr\dos_IIplus.cpp">
      <Filter>libatr</Filter>
    </ClCompile>
    <ClCompile Include="..\libatr\dos2_filesystem.cpp">
      <Filter>libatr</Filter>
    </ClCompile>
    <ClCompile Include="..\libatr\filesystem.cpp">
      <Filter>libatr</Filter>
    </ClCompile>
    <ClCompile Include="..\libatr\mydos.cpp">
      <Filter>libatr</Filter>
    </ClCompile>
    <ClCompile Include="..\libatr\sparta_dos.cpp">
      <Filter>libatr</Filter>
    </ClCompile>
    <ClCompile Include="..\libatr\libatr.cpp">
      <Filter>libatr</Filter>
    </ClCompile>
    <ClCompile Include="..\libatr\dos_2_5.cpp">
      <Filter>libatr</Filter>
    </ClCompile>
    <ClCompile Include="..\libatr\rkdos.cpp">
      <Filter>libatr</Filter>
    </ClCompile>
    <ClCompile Include="..\libatr\xdos.cpp">
      <Filter>libatr</Filter>
    </ClCompile>
    <ClCompile Include="..\libatr\expanded_vtoc.cpp">
      <Filter>libatr</Filter>
    </ClCompile>
  </ItemGroup>
  <ItemGroup>
    <ClInclude Include="..\libatr\disk.h">
      <Filter>libatr</Filter>
    </ClInclude>
    <ClInclude Include="..\libatr\dos_IIplus.h">
      <Filter>libatr</Filter>
    </ClInclude>
    <ClInclude Include="..\libatr\dos2_filesystem.h">
      <Filter>libatr</Filter>
    </ClInclude>
    <ClInclude Include="..\libatr\filesystem.h">
      <Filter>libatr</Filter>
    </ClInclude>
    <ClInclude Include="..\libatr\mydos.h">
      <Filter>libatr</Filter>
    </ClInclude>
    <ClInclude Include="..\libatr\sparta_dos.h">
      <Filter>libatr</Filter>
    </ClInclude>
    <ClInclude Include="..\libatr\libatr.h">
      <Filter>libatr</Filter>
    </ClInclude>
    <ClInclude Include="..\libatr\dos_2_5.h">
      <Filter>libatr</Filter>
    </ClInclude>
    <ClInclude Include="..\libatr\rkdos.h">
      <Filter>libatr</Filter>
    </ClInclude>
    <ClInclude Include="..\libatr\xdos.h">
      <Filter>libatr</Filter>
    </ClInclude>
    <ClInclude Include="..\libatr\expanded_vtoc.h">
      <Filter>libatr</Filter>
    </ClInclude>
  </ItemGroup>
</Project>